// !$*UTF8*$!
{
	archiveVersion = 1;
	classes = {
	};
	objectVersion = 55;
	objects = {

/* Begin PBXBuildFile section */
		58B499CF7767DFC2973A3925 /* Pods_HaystackArmy_HaystackArmyUITests.framework in Frameworks */ = {isa = PBXBuildFile; fileRef = 59E8B2A00F780B9F5AC745C3 /* Pods_HaystackArmy_HaystackArmyUITests.framework */; };
		5AB86969E9459CBC6B8281DF /* Pods_HaystackArmy.framework in Frameworks */ = {isa = PBXBuildFile; fileRef = 177A984A24FB9532002CDDD1 /* Pods_HaystackArmy.framework */; };
		BA8A74C32955A51700C07B94 /* AppDelegate.swift in Sources */ = {isa = PBXBuildFile; fileRef = BA8A74C22955A51700C07B94 /* AppDelegate.swift */; };
		BA8A74CD2955A51700C07B94 /* HaystackArmy.xcdatamodeld in Sources */ = {isa = PBXBuildFile; fileRef = BA8A74CB2955A51700C07B94 /* HaystackArmy.xcdatamodeld */; };
		BA8A74CF2955A51B00C07B94 /* Assets.xcassets in Resources */ = {isa = PBXBuildFile; fileRef = BA8A74CE2955A51B00C07B94 /* Assets.xcassets */; };
		BA8A74DD2955A51C00C07B94 /* HaystackArmyTests.swift in Sources */ = {isa = PBXBuildFile; fileRef = BA8A74DC2955A51C00C07B94 /* HaystackArmyTests.swift */; };
		BA8A74E72955A51C00C07B94 /* HaystackArmyUITests.swift in Sources */ = {isa = PBXBuildFile; fileRef = BA8A74E62955A51C00C07B94 /* HaystackArmyUITests.swift */; };
		BA8A74E92955A51C00C07B94 /* HaystackArmyUITestsLaunchTests.swift in Sources */ = {isa = PBXBuildFile; fileRef = BA8A74E82955A51C00C07B94 /* HaystackArmyUITestsLaunchTests.swift */; };
		BA8A75D72955CBBA00C07B94 /* LaunchScreen.storyboard in Resources */ = {isa = PBXBuildFile; fileRef = BA8A75D62955CBBA00C07B94 /* LaunchScreen.storyboard */; };
		BA8A75DC2955CBCE00C07B94 /* DashBoard.storyboard in Resources */ = {isa = PBXBuildFile; fileRef = BA8A75D82955CBCE00C07B94 /* DashBoard.storyboard */; };
		BA8A75DD2955CBCE00C07B94 /* Main.storyboard in Resources */ = {isa = PBXBuildFile; fileRef = BA8A75D92955CBCE00C07B94 /* Main.storyboard */; };
		BA8A75DE2955CBCE00C07B94 /* SupportBoard.storyboard in Resources */ = {isa = PBXBuildFile; fileRef = BA8A75DB2955CBCE00C07B94 /* SupportBoard.storyboard */; };
		BA8A76272955CC3500C07B94 /* CreateEventModel.swift in Sources */ = {isa = PBXBuildFile; fileRef = BA8A75E02955CC3400C07B94 /* CreateEventModel.swift */; };
		BA8A76282955CC3500C07B94 /* nearByEventsModel.swift in Sources */ = {isa = PBXBuildFile; fileRef = BA8A75E12955CC3400C07B94 /* nearByEventsModel.swift */; };
		BA8A76292955CC3500C07B94 /* groupsModel.swift in Sources */ = {isa = PBXBuildFile; fileRef = BA8A75E22955CC3400C07B94 /* groupsModel.swift */; };
		BA8A762A2955CC3500C07B94 /* LoginModel.swift in Sources */ = {isa = PBXBuildFile; fileRef = BA8A75E32955CC3400C07B94 /* LoginModel.swift */; };
		BA8A762B2955CC3500C07B94 /* SearchEventModel.swift in Sources */ = {isa = PBXBuildFile; fileRef = BA8A75E42955CC3400C07B94 /* SearchEventModel.swift */; };
		BA8A762C2955CC3500C07B94 /* MyEventsModel.swift in Sources */ = {isa = PBXBuildFile; fileRef = BA8A75E52955CC3400C07B94 /* MyEventsModel.swift */; };
		BA8A762D2955CC3500C07B94 /* stateAndCountryModel.swift in Sources */ = {isa = PBXBuildFile; fileRef = BA8A75E62955CC3400C07B94 /* stateAndCountryModel.swift */; };
		BA8A762E2955CC3500C07B94 /* CodeValidators.swift in Sources */ = {isa = PBXBuildFile; fileRef = BA8A75E82955CC3400C07B94 /* CodeValidators.swift */; };
		BA8A762F2955CC3500C07B94 /* ApiConstants.swift in Sources */ = {isa = PBXBuildFile; fileRef = BA8A75E92955CC3400C07B94 /* ApiConstants.swift */; };
		BA8A76302955CC3500C07B94 /* ApiManager.swift in Sources */ = {isa = PBXBuildFile; fileRef = BA8A75EA2955CC3400C07B94 /* ApiManager.swift */; };
		BA8A76312955CC3500C07B94 /* Lato-Italic.ttf in Resources */ = {isa = PBXBuildFile; fileRef = BA8A75EE2955CC3400C07B94 /* Lato-Italic.ttf */; };
		BA8A76322955CC3500C07B94 /* Lato-LightItalic.ttf in Resources */ = {isa = PBXBuildFile; fileRef = BA8A75EF2955CC3400C07B94 /* Lato-LightItalic.ttf */; };
		BA8A76332955CC3500C07B94 /* Lato-Thin.ttf in Resources */ = {isa = PBXBuildFile; fileRef = BA8A75F02955CC3400C07B94 /* Lato-Thin.ttf */; };
		BA8A76342955CC3500C07B94 /* Lato-Bold.ttf in Resources */ = {isa = PBXBuildFile; fileRef = BA8A75F12955CC3400C07B94 /* Lato-Bold.ttf */; };
		BA8A76352955CC3500C07B94 /* Lato-Black.ttf in Resources */ = {isa = PBXBuildFile; fileRef = BA8A75F22955CC3400C07B94 /* Lato-Black.ttf */; };
		BA8A76362955CC3500C07B94 /* Lato-Regular.ttf in Resources */ = {isa = PBXBuildFile; fileRef = BA8A75F32955CC3400C07B94 /* Lato-Regular.ttf */; };
		BA8A76372955CC3500C07B94 /* Lato-BlackItalic.ttf in Resources */ = {isa = PBXBuildFile; fileRef = BA8A75F42955CC3400C07B94 /* Lato-BlackItalic.ttf */; };
		BA8A76382955CC3500C07B94 /* OFL.txt in Resources */ = {isa = PBXBuildFile; fileRef = BA8A75F52955CC3400C07B94 /* OFL.txt */; };
		BA8A76392955CC3500C07B94 /* Lato-BoldItalic.ttf in Resources */ = {isa = PBXBuildFile; fileRef = BA8A75F62955CC3400C07B94 /* Lato-BoldItalic.ttf */; };
		BA8A763A2955CC3500C07B94 /* Lato-Light.ttf in Resources */ = {isa = PBXBuildFile; fileRef = BA8A75F72955CC3400C07B94 /* Lato-Light.ttf */; };
		BA8A763B2955CC3500C07B94 /* Lato-ThinItalic.ttf in Resources */ = {isa = PBXBuildFile; fileRef = BA8A75F82955CC3400C07B94 /* Lato-ThinItalic.ttf */; };
		BA8A763C2955CC3500C07B94 /* imagePicker.swift in Sources */ = {isa = PBXBuildFile; fileRef = BA8A75FA2955CC3400C07B94 /* imagePicker.swift */; };
		BA8A763D2955CC3500C07B94 /* ViewSuppoters.swift in Sources */ = {isa = PBXBuildFile; fileRef = BA8A75FB2955CC3400C07B94 /* ViewSuppoters.swift */; };
		BA8A763E2955CC3500C07B94 /* Device.swift in Sources */ = {isa = PBXBuildFile; fileRef = BA8A75FC2955CC3400C07B94 /* Device.swift */; };
		BA8A763F2955CC3500C07B94 /* ViewController.swift in Sources */ = {isa = PBXBuildFile; fileRef = BA8A75FF2955CC3500C07B94 /* ViewController.swift */; };
		BA8A76402955CC3500C07B94 /* LoginVC.swift in Sources */ = {isa = PBXBuildFile; fileRef = BA8A76012955CC3500C07B94 /* LoginVC.swift */; };
		BA8A76412955CC3500C07B94 /* SpouseRegistationVC.swift in Sources */ = {isa = PBXBuildFile; fileRef = BA8A76022955CC3500C07B94 /* SpouseRegistationVC.swift */; };
		BA8A76422955CC3500C07B94 /* ForgotPassVC.swift in Sources */ = {isa = PBXBuildFile; fileRef = BA8A76032955CC3500C07B94 /* ForgotPassVC.swift */; };
		BA8A76432955CC3500C07B94 /* SoldierRegistrationVC.swift in Sources */ = {isa = PBXBuildFile; fileRef = BA8A76042955CC3500C07B94 /* SoldierRegistrationVC.swift */; };
		BA8A76442955CC3500C07B94 /* RegistrationPickerVC.swift in Sources */ = {isa = PBXBuildFile; fileRef = BA8A76052955CC3500C07B94 /* RegistrationPickerVC.swift */; };
		BA8A76452955CC3500C07B94 /* CreateNewGroupVC.swift in Sources */ = {isa = PBXBuildFile; fileRef = BA8A76072955CC3500C07B94 /* CreateNewGroupVC.swift */; };
		BA8A76462955CC3500C07B94 /* GroupMembersListVC.swift in Sources */ = {isa = PBXBuildFile; fileRef = BA8A76082955CC3500C07B94 /* GroupMembersListVC.swift */; };
		BA8A76472955CC3500C07B94 /* EditGroupVC.swift in Sources */ = {isa = PBXBuildFile; fileRef = BA8A76092955CC3500C07B94 /* EditGroupVC.swift */; };
		BA8A76482955CC3500C07B94 /* EditMembersVC.swift in Sources */ = {isa = PBXBuildFile; fileRef = BA8A760A2955CC3500C07B94 /* EditMembersVC.swift */; };
		BA8A76492955CC3500C07B94 /* ContactUSVC.swift in Sources */ = {isa = PBXBuildFile; fileRef = BA8A760C2955CC3500C07B94 /* ContactUSVC.swift */; };
		BA8A764A2955CC3500C07B94 /* TermsAndConditionsVC.swift in Sources */ = {isa = PBXBuildFile; fileRef = BA8A760D2955CC3500C07B94 /* TermsAndConditionsVC.swift */; };
		BA8A764B2955CC3500C07B94 /* ChangePasswordVC.swift in Sources */ = {isa = PBXBuildFile; fileRef = BA8A760E2955CC3500C07B94 /* ChangePasswordVC.swift */; };
		BA8A764C2955CC3500C07B94 /* EditProfileVC.swift in Sources */ = {isa = PBXBuildFile; fileRef = BA8A760F2955CC3500C07B94 /* EditProfileVC.swift */; };
		BA8A764D2955CC3500C07B94 /* UpdateEventVC.swift in Sources */ = {isa = PBXBuildFile; fileRef = BA8A76112955CC3500C07B94 /* UpdateEventVC.swift */; };
		BA8A764E2955CC3500C07B94 /* searchEventListVC.swift in Sources */ = {isa = PBXBuildFile; fileRef = BA8A76132955CC3500C07B94 /* searchEventListVC.swift */; };
		BA8A764F2955CC3500C07B94 /* ManualSearchVC.swift in Sources */ = {isa = PBXBuildFile; fileRef = BA8A76142955CC3500C07B94 /* ManualSearchVC.swift */; };
		BA8A76502955CC3500C07B94 /* SearchdateRangeVC.swift in Sources */ = {isa = PBXBuildFile; fileRef = BA8A76152955CC3500C07B94 /* SearchdateRangeVC.swift */; };
		BA8A76512955CC3500C07B94 /* SearchEventInfoVC.swift in Sources */ = {isa = PBXBuildFile; fileRef = BA8A76162955CC3500C07B94 /* SearchEventInfoVC.swift */; };
		BA8A76522955CC3500C07B94 /* LocationSearchEventVC.swift in Sources */ = {isa = PBXBuildFile; fileRef = BA8A76172955CC3500C07B94 /* LocationSearchEventVC.swift */; };
		BA8A76532955CC3500C07B94 /* MyEventsVC.swift in Sources */ = {isa = PBXBuildFile; fileRef = BA8A76182955CC3500C07B94 /* MyEventsVC.swift */; };
		BA8A76542955CC3500C07B94 /* referFriendVC.swift in Sources */ = {isa = PBXBuildFile; fileRef = BA8A76192955CC3500C07B94 /* referFriendVC.swift */; };
		BA8A76552955CC3500C07B94 /* EventInfoVC.swift in Sources */ = {isa = PBXBuildFile; fileRef = BA8A761A2955CC3500C07B94 /* EventInfoVC.swift */; };
		BA8A76562955CC3500C07B94 /* MyProfileVC.swift in Sources */ = {isa = PBXBuildFile; fileRef = BA8A761B2955CC3500C07B94 /* MyProfileVC.swift */; };
		BA8A76572955CC3500C07B94 /* AllGroupListVC.swift in Sources */ = {isa = PBXBuildFile; fileRef = BA8A761C2955CC3500C07B94 /* AllGroupListVC.swift */; };
		BA8A76582955CC3500C07B94 /* MainTabVC.swift in Sources */ = {isa = PBXBuildFile; fileRef = BA8A761D2955CC3500C07B94 /* MainTabVC.swift */; };
		BA8A76592955CC3500C07B94 /* PublishingEventVC.swift in Sources */ = {isa = PBXBuildFile; fileRef = BA8A761F2955CC3500C07B94 /* PublishingEventVC.swift */; };
		BA8A765A2955CC3500C07B94 /* finalSuccessEventVC.swift in Sources */ = {isa = PBXBuildFile; fileRef = BA8A76202955CC3500C07B94 /* finalSuccessEventVC.swift */; };
		BA8A765B2955CC3500C07B94 /* AllCategoryListVC.swift in Sources */ = {isa = PBXBuildFile; fileRef = BA8A76212955CC3500C07B94 /* AllCategoryListVC.swift */; };
		BA8A765C2955CC3500C07B94 /* AddExtraMeberToEventVC.swift in Sources */ = {isa = PBXBuildFile; fileRef = BA8A76222955CC3500C07B94 /* AddExtraMeberToEventVC.swift */; };
		BA8A765D2955CC3500C07B94 /* CreateEventsecondVC.swift in Sources */ = {isa = PBXBuildFile; fileRef = BA8A76232955CC3500C07B94 /* CreateEventsecondVC.swift */; };
		BA8A765E2955CC3500C07B94 /* AddMembersToEventVC.swift in Sources */ = {isa = PBXBuildFile; fileRef = BA8A76242955CC3500C07B94 /* AddMembersToEventVC.swift */; };
		BA8A765F2955CC3500C07B94 /* AddNewEventVC.swift in Sources */ = {isa = PBXBuildFile; fileRef = BA8A76252955CC3500C07B94 /* AddNewEventVC.swift */; };
		BA8A76602955CC3500C07B94 /* DashBoardVC.swift in Sources */ = {isa = PBXBuildFile; fileRef = BA8A76262955CC3500C07B94 /* DashBoardVC.swift */; };
		BA8A76632955CC5300C07B94 /* pushNotificationModel.swift in Sources */ = {isa = PBXBuildFile; fileRef = BA8A76612955CC5000C07B94 /* pushNotificationModel.swift */; };
		BA8A76642955CC5300C07B94 /* VersionCheckingModel.swift in Sources */ = {isa = PBXBuildFile; fileRef = BA8A76622955CC5200C07B94 /* VersionCheckingModel.swift */; };
		BA8A76662955CCE800C07B94 /* GoogleService-Info.plist in Resources */ = {isa = PBXBuildFile; fileRef = BA8A76652955CCE600C07B94 /* GoogleService-Info.plist */; };
		DE7FE19776A068C41CA68903 /* Pods_HaystackArmyTests.framework in Frameworks */ = {isa = PBXBuildFile; fileRef = 4A7CA8588D1554885E928BF9 /* Pods_HaystackArmyTests.framework */; };
/* End PBXBuildFile section */

/* Begin PBXContainerItemProxy section */
		BA8A74D92955A51C00C07B94 /* PBXContainerItemProxy */ = {
			isa = PBXContainerItemProxy;
			containerPortal = BA8A74B72955A51700C07B94 /* Project object */;
			proxyType = 1;
			remoteGlobalIDString = BA8A74BE2955A51700C07B94;
			remoteInfo = HaystackArmy;
		};
		BA8A74E32955A51C00C07B94 /* PBXContainerItemProxy */ = {
			isa = PBXContainerItemProxy;
			containerPortal = BA8A74B72955A51700C07B94 /* Project object */;
			proxyType = 1;
			remoteGlobalIDString = BA8A74BE2955A51700C07B94;
			remoteInfo = HaystackArmy;
		};
/* End PBXContainerItemProxy section */

/* Begin PBXFileReference section */
		177A984A24FB9532002CDDD1 /* Pods_HaystackArmy.framework */ = {isa = PBXFileReference; explicitFileType = wrapper.framework; includeInIndex = 0; path = Pods_HaystackArmy.framework; sourceTree = BUILT_PRODUCTS_DIR; };
		4A7CA8588D1554885E928BF9 /* Pods_HaystackArmyTests.framework */ = {isa = PBXFileReference; explicitFileType = wrapper.framework; includeInIndex = 0; path = Pods_HaystackArmyTests.framework; sourceTree = BUILT_PRODUCTS_DIR; };
		59E8B2A00F780B9F5AC745C3 /* Pods_HaystackArmy_HaystackArmyUITests.framework */ = {isa = PBXFileReference; explicitFileType = wrapper.framework; includeInIndex = 0; path = Pods_HaystackArmy_HaystackArmyUITests.framework; sourceTree = BUILT_PRODUCTS_DIR; };
		5C8741BDDC988B5B9FB2DD55 /* Pods-HaystackArmy.release.xcconfig */ = {isa = PBXFileReference; includeInIndex = 1; lastKnownFileType = text.xcconfig; name = "Pods-HaystackArmy.release.xcconfig"; path = "Target Support Files/Pods-HaystackArmy/Pods-HaystackArmy.release.xcconfig"; sourceTree = "<group>"; };
		5CB80AF6D7904B6FF18E56C4 /* Pods-HaystackArmy.debug.xcconfig */ = {isa = PBXFileReference; includeInIndex = 1; lastKnownFileType = text.xcconfig; name = "Pods-HaystackArmy.debug.xcconfig"; path = "Target Support Files/Pods-HaystackArmy/Pods-HaystackArmy.debug.xcconfig"; sourceTree = "<group>"; };
		6A6F8B1FEA48749943F44985 /* Pods-HaystackArmyTests.debug.xcconfig */ = {isa = PBXFileReference; includeInIndex = 1; lastKnownFileType = text.xcconfig; name = "Pods-HaystackArmyTests.debug.xcconfig"; path = "Target Support Files/Pods-HaystackArmyTests/Pods-HaystackArmyTests.debug.xcconfig"; sourceTree = "<group>"; };
		AF6B94DB7911BF5FE36BC44B /* Pods-HaystackArmy-HaystackArmyUITests.debug.xcconfig */ = {isa = PBXFileReference; includeInIndex = 1; lastKnownFileType = text.xcconfig; name = "Pods-HaystackArmy-HaystackArmyUITests.debug.xcconfig"; path = "Target Support Files/Pods-HaystackArmy-HaystackArmyUITests/Pods-HaystackArmy-HaystackArmyUITests.debug.xcconfig"; sourceTree = "<group>"; };
		BA8A74BF2955A51700C07B94 /* HaystackArmy.app */ = {isa = PBXFileReference; explicitFileType = wrapper.application; includeInIndex = 0; path = HaystackArmy.app; sourceTree = BUILT_PRODUCTS_DIR; };
		BA8A74C22955A51700C07B94 /* AppDelegate.swift */ = {isa = PBXFileReference; lastKnownFileType = sourcecode.swift; path = AppDelegate.swift; sourceTree = "<group>"; };
		BA8A74CC2955A51700C07B94 /* HaystackArmy.xcdatamodel */ = {isa = PBXFileReference; lastKnownFileType = wrapper.xcdatamodel; path = HaystackArmy.xcdatamodel; sourceTree = "<group>"; };
		BA8A74CE2955A51B00C07B94 /* Assets.xcassets */ = {isa = PBXFileReference; lastKnownFileType = folder.assetcatalog; path = Assets.xcassets; sourceTree = "<group>"; };
		BA8A74D32955A51B00C07B94 /* Info.plist */ = {isa = PBXFileReference; lastKnownFileType = text.plist.xml; path = Info.plist; sourceTree = "<group>"; };
		BA8A74D82955A51C00C07B94 /* HaystackArmyTests.xctest */ = {isa = PBXFileReference; explicitFileType = wrapper.cfbundle; includeInIndex = 0; path = HaystackArmyTests.xctest; sourceTree = BUILT_PRODUCTS_DIR; };
		BA8A74DC2955A51C00C07B94 /* HaystackArmyTests.swift */ = {isa = PBXFileReference; lastKnownFileType = sourcecode.swift; path = HaystackArmyTests.swift; sourceTree = "<group>"; };
		BA8A74E22955A51C00C07B94 /* HaystackArmyUITests.xctest */ = {isa = PBXFileReference; explicitFileType = wrapper.cfbundle; includeInIndex = 0; path = HaystackArmyUITests.xctest; sourceTree = BUILT_PRODUCTS_DIR; };
		BA8A74E62955A51C00C07B94 /* HaystackArmyUITests.swift */ = {isa = PBXFileReference; lastKnownFileType = sourcecode.swift; path = HaystackArmyUITests.swift; sourceTree = "<group>"; };
		BA8A74E82955A51C00C07B94 /* HaystackArmyUITestsLaunchTests.swift */ = {isa = PBXFileReference; lastKnownFileType = sourcecode.swift; path = HaystackArmyUITestsLaunchTests.swift; sourceTree = "<group>"; };
		BA8A75D62955CBBA00C07B94 /* LaunchScreen.storyboard */ = {isa = PBXFileReference; fileEncoding = 4; lastKnownFileType = file.storyboard; path = LaunchScreen.storyboard; sourceTree = "<group>"; };
		BA8A75D82955CBCE00C07B94 /* DashBoard.storyboard */ = {isa = PBXFileReference; fileEncoding = 4; lastKnownFileType = file.storyboard; name = DashBoard.storyboard; path = "../../../../Haystack 63d RD/HayStack-Army/DashBoard.storyboard"; sourceTree = "<group>"; };
		BA8A75DA2955CBCE00C07B94 /* Base */ = {isa = PBXFileReference; lastKnownFileType = file.storyboard; name = Base; path = "../../../../Haystack 63d RD/HayStack-Army/Base.lproj/Main.storyboard"; sourceTree = "<group>"; };
		BA8A75DB2955CBCE00C07B94 /* SupportBoard.storyboard */ = {isa = PBXFileReference; fileEncoding = 4; lastKnownFileType = file.storyboard; name = SupportBoard.storyboard; path = "../../../../Haystack 63d RD/HayStack-Army/SupportBoard.storyboard"; sourceTree = "<group>"; };
		BA8A75E02955CC3400C07B94 /* CreateEventModel.swift */ = {isa = PBXFileReference; fileEncoding = 4; lastKnownFileType = sourcecode.swift; path = CreateEventModel.swift; sourceTree = "<group>"; };
		BA8A75E12955CC3400C07B94 /* nearByEventsModel.swift */ = {isa = PBXFileReference; fileEncoding = 4; lastKnownFileType = sourcecode.swift; path = nearByEventsModel.swift; sourceTree = "<group>"; };
		BA8A75E22955CC3400C07B94 /* groupsModel.swift */ = {isa = PBXFileReference; fileEncoding = 4; lastKnownFileType = sourcecode.swift; path = groupsModel.swift; sourceTree = "<group>"; };
		BA8A75E32955CC3400C07B94 /* LoginModel.swift */ = {isa = PBXFileReference; fileEncoding = 4; lastKnownFileType = sourcecode.swift; path = LoginModel.swift; sourceTree = "<group>"; };
		BA8A75E42955CC3400C07B94 /* SearchEventModel.swift */ = {isa = PBXFileReference; fileEncoding = 4; lastKnownFileType = sourcecode.swift; path = SearchEventModel.swift; sourceTree = "<group>"; };
		BA8A75E52955CC3400C07B94 /* MyEventsModel.swift */ = {isa = PBXFileReference; fileEncoding = 4; lastKnownFileType = sourcecode.swift; path = MyEventsModel.swift; sourceTree = "<group>"; };
		BA8A75E62955CC3400C07B94 /* stateAndCountryModel.swift */ = {isa = PBXFileReference; fileEncoding = 4; lastKnownFileType = sourcecode.swift; path = stateAndCountryModel.swift; sourceTree = "<group>"; };
		BA8A75E82955CC3400C07B94 /* CodeValidators.swift */ = {isa = PBXFileReference; fileEncoding = 4; lastKnownFileType = sourcecode.swift; path = CodeValidators.swift; sourceTree = "<group>"; };
		BA8A75E92955CC3400C07B94 /* ApiConstants.swift */ = {isa = PBXFileReference; fileEncoding = 4; lastKnownFileType = sourcecode.swift; path = ApiConstants.swift; sourceTree = "<group>"; };
		BA8A75EA2955CC3400C07B94 /* ApiManager.swift */ = {isa = PBXFileReference; fileEncoding = 4; lastKnownFileType = sourcecode.swift; path = ApiManager.swift; sourceTree = "<group>"; };
		BA8A75EE2955CC3400C07B94 /* Lato-Italic.ttf */ = {isa = PBXFileReference; lastKnownFileType = file; path = "Lato-Italic.ttf"; sourceTree = "<group>"; };
		BA8A75EF2955CC3400C07B94 /* Lato-LightItalic.ttf */ = {isa = PBXFileReference; lastKnownFileType = file; path = "Lato-LightItalic.ttf"; sourceTree = "<group>"; };
		BA8A75F02955CC3400C07B94 /* Lato-Thin.ttf */ = {isa = PBXFileReference; lastKnownFileType = file; path = "Lato-Thin.ttf"; sourceTree = "<group>"; };
		BA8A75F12955CC3400C07B94 /* Lato-Bold.ttf */ = {isa = PBXFileReference; lastKnownFileType = file; path = "Lato-Bold.ttf"; sourceTree = "<group>"; };
		BA8A75F22955CC3400C07B94 /* Lato-Black.ttf */ = {isa = PBXFileReference; lastKnownFileType = file; path = "Lato-Black.ttf"; sourceTree = "<group>"; };
		BA8A75F32955CC3400C07B94 /* Lato-Regular.ttf */ = {isa = PBXFileReference; lastKnownFileType = file; path = "Lato-Regular.ttf"; sourceTree = "<group>"; };
		BA8A75F42955CC3400C07B94 /* Lato-BlackItalic.ttf */ = {isa = PBXFileReference; lastKnownFileType = file; path = "Lato-BlackItalic.ttf"; sourceTree = "<group>"; };
		BA8A75F52955CC3400C07B94 /* OFL.txt */ = {isa = PBXFileReference; fileEncoding = 4; lastKnownFileType = text; path = OFL.txt; sourceTree = "<group>"; };
		BA8A75F62955CC3400C07B94 /* Lato-BoldItalic.ttf */ = {isa = PBXFileReference; lastKnownFileType = file; path = "Lato-BoldItalic.ttf"; sourceTree = "<group>"; };
		BA8A75F72955CC3400C07B94 /* Lato-Light.ttf */ = {isa = PBXFileReference; lastKnownFileType = file; path = "Lato-Light.ttf"; sourceTree = "<group>"; };
		BA8A75F82955CC3400C07B94 /* Lato-ThinItalic.ttf */ = {isa = PBXFileReference; lastKnownFileType = file; path = "Lato-ThinItalic.ttf"; sourceTree = "<group>"; };
		BA8A75FA2955CC3400C07B94 /* imagePicker.swift */ = {isa = PBXFileReference; fileEncoding = 4; lastKnownFileType = sourcecode.swift; path = imagePicker.swift; sourceTree = "<group>"; };
		BA8A75FB2955CC3400C07B94 /* ViewSuppoters.swift */ = {isa = PBXFileReference; fileEncoding = 4; lastKnownFileType = sourcecode.swift; path = ViewSuppoters.swift; sourceTree = "<group>"; };
		BA8A75FC2955CC3400C07B94 /* Device.swift */ = {isa = PBXFileReference; fileEncoding = 4; lastKnownFileType = sourcecode.swift; path = Device.swift; sourceTree = "<group>"; };
		BA8A75FF2955CC3500C07B94 /* ViewController.swift */ = {isa = PBXFileReference; fileEncoding = 4; lastKnownFileType = sourcecode.swift; path = ViewController.swift; sourceTree = "<group>"; };
		BA8A76012955CC3500C07B94 /* LoginVC.swift */ = {isa = PBXFileReference; fileEncoding = 4; lastKnownFileType = sourcecode.swift; path = LoginVC.swift; sourceTree = "<group>"; };
		BA8A76022955CC3500C07B94 /* SpouseRegistationVC.swift */ = {isa = PBXFileReference; fileEncoding = 4; lastKnownFileType = sourcecode.swift; path = SpouseRegistationVC.swift; sourceTree = "<group>"; };
		BA8A76032955CC3500C07B94 /* ForgotPassVC.swift */ = {isa = PBXFileReference; fileEncoding = 4; lastKnownFileType = sourcecode.swift; path = ForgotPassVC.swift; sourceTree = "<group>"; };
		BA8A76042955CC3500C07B94 /* SoldierRegistrationVC.swift */ = {isa = PBXFileReference; fileEncoding = 4; lastKnownFileType = sourcecode.swift; path = SoldierRegistrationVC.swift; sourceTree = "<group>"; };
		BA8A76052955CC3500C07B94 /* RegistrationPickerVC.swift */ = {isa = PBXFileReference; fileEncoding = 4; lastKnownFileType = sourcecode.swift; path = RegistrationPickerVC.swift; sourceTree = "<group>"; };
		BA8A76072955CC3500C07B94 /* CreateNewGroupVC.swift */ = {isa = PBXFileReference; fileEncoding = 4; lastKnownFileType = sourcecode.swift; path = CreateNewGroupVC.swift; sourceTree = "<group>"; };
		BA8A76082955CC3500C07B94 /* GroupMembersListVC.swift */ = {isa = PBXFileReference; fileEncoding = 4; lastKnownFileType = sourcecode.swift; path = GroupMembersListVC.swift; sourceTree = "<group>"; };
		BA8A76092955CC3500C07B94 /* EditGroupVC.swift */ = {isa = PBXFileReference; fileEncoding = 4; lastKnownFileType = sourcecode.swift; path = EditGroupVC.swift; sourceTree = "<group>"; };
		BA8A760A2955CC3500C07B94 /* EditMembersVC.swift */ = {isa = PBXFileReference; fileEncoding = 4; lastKnownFileType = sourcecode.swift; path = EditMembersVC.swift; sourceTree = "<group>"; };
		BA8A760C2955CC3500C07B94 /* ContactUSVC.swift */ = {isa = PBXFileReference; fileEncoding = 4; lastKnownFileType = sourcecode.swift; path = ContactUSVC.swift; sourceTree = "<group>"; };
		BA8A760D2955CC3500C07B94 /* TermsAndConditionsVC.swift */ = {isa = PBXFileReference; fileEncoding = 4; lastKnownFileType = sourcecode.swift; path = TermsAndConditionsVC.swift; sourceTree = "<group>"; };
		BA8A760E2955CC3500C07B94 /* ChangePasswordVC.swift */ = {isa = PBXFileReference; fileEncoding = 4; lastKnownFileType = sourcecode.swift; path = ChangePasswordVC.swift; sourceTree = "<group>"; };
		BA8A760F2955CC3500C07B94 /* EditProfileVC.swift */ = {isa = PBXFileReference; fileEncoding = 4; lastKnownFileType = sourcecode.swift; path = EditProfileVC.swift; sourceTree = "<group>"; };
		BA8A76112955CC3500C07B94 /* UpdateEventVC.swift */ = {isa = PBXFileReference; fileEncoding = 4; lastKnownFileType = sourcecode.swift; path = UpdateEventVC.swift; sourceTree = "<group>"; };
		BA8A76132955CC3500C07B94 /* searchEventListVC.swift */ = {isa = PBXFileReference; fileEncoding = 4; lastKnownFileType = sourcecode.swift; path = searchEventListVC.swift; sourceTree = "<group>"; };
		BA8A76142955CC3500C07B94 /* ManualSearchVC.swift */ = {isa = PBXFileReference; fileEncoding = 4; lastKnownFileType = sourcecode.swift; path = ManualSearchVC.swift; sourceTree = "<group>"; };
		BA8A76152955CC3500C07B94 /* SearchdateRangeVC.swift */ = {isa = PBXFileReference; fileEncoding = 4; lastKnownFileType = sourcecode.swift; path = SearchdateRangeVC.swift; sourceTree = "<group>"; };
		BA8A76162955CC3500C07B94 /* SearchEventInfoVC.swift */ = {isa = PBXFileReference; fileEncoding = 4; lastKnownFileType = sourcecode.swift; path = SearchEventInfoVC.swift; sourceTree = "<group>"; };
		BA8A76172955CC3500C07B94 /* LocationSearchEventVC.swift */ = {isa = PBXFileReference; fileEncoding = 4; lastKnownFileType = sourcecode.swift; path = LocationSearchEventVC.swift; sourceTree = "<group>"; };
		BA8A76182955CC3500C07B94 /* MyEventsVC.swift */ = {isa = PBXFileReference; fileEncoding = 4; lastKnownFileType = sourcecode.swift; path = MyEventsVC.swift; sourceTree = "<group>"; };
		BA8A76192955CC3500C07B94 /* referFriendVC.swift */ = {isa = PBXFileReference; fileEncoding = 4; lastKnownFileType = sourcecode.swift; path = referFriendVC.swift; sourceTree = "<group>"; };
		BA8A761A2955CC3500C07B94 /* EventInfoVC.swift */ = {isa = PBXFileReference; fileEncoding = 4; lastKnownFileType = sourcecode.swift; path = EventInfoVC.swift; sourceTree = "<group>"; };
		BA8A761B2955CC3500C07B94 /* MyProfileVC.swift */ = {isa = PBXFileReference; fileEncoding = 4; lastKnownFileType = sourcecode.swift; path = MyProfileVC.swift; sourceTree = "<group>"; };
		BA8A761C2955CC3500C07B94 /* AllGroupListVC.swift */ = {isa = PBXFileReference; fileEncoding = 4; lastKnownFileType = sourcecode.swift; path = AllGroupListVC.swift; sourceTree = "<group>"; };
		BA8A761D2955CC3500C07B94 /* MainTabVC.swift */ = {isa = PBXFileReference; fileEncoding = 4; lastKnownFileType = sourcecode.swift; path = MainTabVC.swift; sourceTree = "<group>"; };
		BA8A761F2955CC3500C07B94 /* PublishingEventVC.swift */ = {isa = PBXFileReference; fileEncoding = 4; lastKnownFileType = sourcecode.swift; path = PublishingEventVC.swift; sourceTree = "<group>"; };
		BA8A76202955CC3500C07B94 /* finalSuccessEventVC.swift */ = {isa = PBXFileReference; fileEncoding = 4; lastKnownFileType = sourcecode.swift; path = finalSuccessEventVC.swift; sourceTree = "<group>"; };
		BA8A76212955CC3500C07B94 /* AllCategoryListVC.swift */ = {isa = PBXFileReference; fileEncoding = 4; lastKnownFileType = sourcecode.swift; path = AllCategoryListVC.swift; sourceTree = "<group>"; };
		BA8A76222955CC3500C07B94 /* AddExtraMeberToEventVC.swift */ = {isa = PBXFileReference; fileEncoding = 4; lastKnownFileType = sourcecode.swift; path = AddExtraMeberToEventVC.swift; sourceTree = "<group>"; };
		BA8A76232955CC3500C07B94 /* CreateEventsecondVC.swift */ = {isa = PBXFileReference; fileEncoding = 4; lastKnownFileType = sourcecode.swift; path = CreateEventsecondVC.swift; sourceTree = "<group>"; };
		BA8A76242955CC3500C07B94 /* AddMembersToEventVC.swift */ = {isa = PBXFileReference; fileEncoding = 4; lastKnownFileType = sourcecode.swift; path = AddMembersToEventVC.swift; sourceTree = "<group>"; };
		BA8A76252955CC3500C07B94 /* AddNewEventVC.swift */ = {isa = PBXFileReference; fileEncoding = 4; lastKnownFileType = sourcecode.swift; path = AddNewEventVC.swift; sourceTree = "<group>"; };
		BA8A76262955CC3500C07B94 /* DashBoardVC.swift */ = {isa = PBXFileReference; fileEncoding = 4; lastKnownFileType = sourcecode.swift; path = DashBoardVC.swift; sourceTree = "<group>"; };
		BA8A76612955CC5000C07B94 /* pushNotificationModel.swift */ = {isa = PBXFileReference; fileEncoding = 4; lastKnownFileType = sourcecode.swift; name = pushNotificationModel.swift; path = "../../../../Haystack 63d RD/HayStack-Army/pushNotificationModel.swift"; sourceTree = "<group>"; };
		BA8A76622955CC5200C07B94 /* VersionCheckingModel.swift */ = {isa = PBXFileReference; fileEncoding = 4; lastKnownFileType = sourcecode.swift; name = VersionCheckingModel.swift; path = "../../../../Haystack 63d RD/HayStack-Army/VersionCheckingModel.swift"; sourceTree = "<group>"; };
		BA8A76652955CCE600C07B94 /* GoogleService-Info.plist */ = {isa = PBXFileReference; fileEncoding = 4; lastKnownFileType = text.plist.xml; name = "GoogleService-Info.plist"; path = "../../../../Haystack 63d RD/HayStack-Army/GoogleService-Info.plist"; sourceTree = "<group>"; };
		BA8A76672955CD1A00C07B94 /* HaystackArmy.entitlements */ = {isa = PBXFileReference; lastKnownFileType = text.plist.entitlements; path = HaystackArmy.entitlements; sourceTree = "<group>"; };
		C8BD26F5F9FC413F64713C96 /* Pods-HaystackArmyTests.release.xcconfig */ = {isa = PBXFileReference; includeInIndex = 1; lastKnownFileType = text.xcconfig; name = "Pods-HaystackArmyTests.release.xcconfig"; path = "Target Support Files/Pods-HaystackArmyTests/Pods-HaystackArmyTests.release.xcconfig"; sourceTree = "<group>"; };
		E78736F94E90AEF05F46C543 /* Pods-HaystackArmy-HaystackArmyUITests.release.xcconfig */ = {isa = PBXFileReference; includeInIndex = 1; lastKnownFileType = text.xcconfig; name = "Pods-HaystackArmy-HaystackArmyUITests.release.xcconfig"; path = "Target Support Files/Pods-HaystackArmy-HaystackArmyUITests/Pods-HaystackArmy-HaystackArmyUITests.release.xcconfig"; sourceTree = "<group>"; };
/* End PBXFileReference section */

/* Begin PBXFrameworksBuildPhase section */
		BA8A74BC2955A51700C07B94 /* Frameworks */ = {
			isa = PBXFrameworksBuildPhase;
			buildActionMask = 2147483647;
			files = (
				5AB86969E9459CBC6B8281DF /* Pods_HaystackArmy.framework in Frameworks */,
			);
			runOnlyForDeploymentPostprocessing = 0;
		};
		BA8A74D52955A51C00C07B94 /* Frameworks */ = {
			isa = PBXFrameworksBuildPhase;
			buildActionMask = 2147483647;
			files = (
				DE7FE19776A068C41CA68903 /* Pods_HaystackArmyTests.framework in Frameworks */,
			);
			runOnlyForDeploymentPostprocessing = 0;
		};
		BA8A74DF2955A51C00C07B94 /* Frameworks */ = {
			isa = PBXFrameworksBuildPhase;
			buildActionMask = 2147483647;
			files = (
				58B499CF7767DFC2973A3925 /* Pods_HaystackArmy_HaystackArmyUITests.framework in Frameworks */,
			);
			runOnlyForDeploymentPostprocessing = 0;
		};
/* End PBXFrameworksBuildPhase section */

/* Begin PBXGroup section */
		27191E33068B6B40A5553623 /* Frameworks */ = {
			isa = PBXGroup;
			children = (
				177A984A24FB9532002CDDD1 /* Pods_HaystackArmy.framework */,
				59E8B2A00F780B9F5AC745C3 /* Pods_HaystackArmy_HaystackArmyUITests.framework */,
				4A7CA8588D1554885E928BF9 /* Pods_HaystackArmyTests.framework */,
			);
			name = Frameworks;
			sourceTree = "<group>";
		};
		4C5E5BBBD6398E4EB38502F5 /* Pods */ = {
			isa = PBXGroup;
			children = (
				5CB80AF6D7904B6FF18E56C4 /* Pods-HaystackArmy.debug.xcconfig */,
				5C8741BDDC988B5B9FB2DD55 /* Pods-HaystackArmy.release.xcconfig */,
				AF6B94DB7911BF5FE36BC44B /* Pods-HaystackArmy-HaystackArmyUITests.debug.xcconfig */,
				E78736F94E90AEF05F46C543 /* Pods-HaystackArmy-HaystackArmyUITests.release.xcconfig */,
				6A6F8B1FEA48749943F44985 /* Pods-HaystackArmyTests.debug.xcconfig */,
				C8BD26F5F9FC413F64713C96 /* Pods-HaystackArmyTests.release.xcconfig */,
			);
			path = Pods;
			sourceTree = "<group>";
		};
		BA8A74B62955A51700C07B94 = {
			isa = PBXGroup;
			children = (
				BA8A74C12955A51700C07B94 /* HaystackArmy */,
				BA8A74DB2955A51C00C07B94 /* HaystackArmyTests */,
				BA8A74E52955A51C00C07B94 /* HaystackArmyUITests */,
				BA8A74C02955A51700C07B94 /* Products */,
				4C5E5BBBD6398E4EB38502F5 /* Pods */,
				27191E33068B6B40A5553623 /* Frameworks */,
			);
			sourceTree = "<group>";
		};
		BA8A74C02955A51700C07B94 /* Products */ = {
			isa = PBXGroup;
			children = (
				BA8A74BF2955A51700C07B94 /* HaystackArmy.app */,
				BA8A74D82955A51C00C07B94 /* HaystackArmyTests.xctest */,
				BA8A74E22955A51C00C07B94 /* HaystackArmyUITests.xctest */,
			);
			name = Products;
			sourceTree = "<group>";
		};
		BA8A74C12955A51700C07B94 /* HaystackArmy */ = {
			isa = PBXGroup;
			children = (
				BA8A76672955CD1A00C07B94 /* HaystackArmy.entitlements */,
				BA8A74C22955A51700C07B94 /* AppDelegate.swift */,
				BA8A76652955CCE600C07B94 /* GoogleService-Info.plist */,
				BA8A76612955CC5000C07B94 /* pushNotificationModel.swift */,
				BA8A76622955CC5200C07B94 /* VersionCheckingModel.swift */,
				BA8A74CE2955A51B00C07B94 /* Assets.xcassets */,
				BA8A75F92955CC3400C07B94 /* CodeSupportes */,
				BA8A75FE2955CC3500C07B94 /* Controllers */,
				BA8A75DF2955CC3400C07B94 /* Model */,
				BA8A75EB2955CC3400C07B94 /* UISupporters */,
				BA8A75FD2955CC3400C07B94 /* Views */,
				BA8A75E72955CC3400C07B94 /* WebSupport */,
				BA8A75D82955CBCE00C07B94 /* DashBoard.storyboard */,
				BA8A75D92955CBCE00C07B94 /* Main.storyboard */,
				BA8A75DB2955CBCE00C07B94 /* SupportBoard.storyboard */,
				BA8A75D62955CBBA00C07B94 /* LaunchScreen.storyboard */,
				BA8A74D32955A51B00C07B94 /* Info.plist */,
				BA8A74CB2955A51700C07B94 /* HaystackArmy.xcdatamodeld */,
			);
			path = HaystackArmy;
			sourceTree = "<group>";
		};
		BA8A74DB2955A51C00C07B94 /* HaystackArmyTests */ = {
			isa = PBXGroup;
			children = (
				BA8A74DC2955A51C00C07B94 /* HaystackArmyTests.swift */,
			);
			path = HaystackArmyTests;
			sourceTree = "<group>";
		};
		BA8A74E52955A51C00C07B94 /* HaystackArmyUITests */ = {
			isa = PBXGroup;
			children = (
				BA8A74E62955A51C00C07B94 /* HaystackArmyUITests.swift */,
				BA8A74E82955A51C00C07B94 /* HaystackArmyUITestsLaunchTests.swift */,
			);
			path = HaystackArmyUITests;
			sourceTree = "<group>";
		};
		BA8A75DF2955CC3400C07B94 /* Model */ = {
			isa = PBXGroup;
			children = (
				BA8A75E02955CC3400C07B94 /* CreateEventModel.swift */,
				BA8A75E12955CC3400C07B94 /* nearByEventsModel.swift */,
				BA8A75E22955CC3400C07B94 /* groupsModel.swift */,
				BA8A75E32955CC3400C07B94 /* LoginModel.swift */,
				BA8A75E42955CC3400C07B94 /* SearchEventModel.swift */,
				BA8A75E52955CC3400C07B94 /* MyEventsModel.swift */,
				BA8A75E62955CC3400C07B94 /* stateAndCountryModel.swift */,
			);
			name = Model;
			path = "../../../../Haystack 63d RD/HayStack-Army/Model";
			sourceTree = "<group>";
		};
		BA8A75E72955CC3400C07B94 /* WebSupport */ = {
			isa = PBXGroup;
			children = (
				BA8A75E82955CC3400C07B94 /* CodeValidators.swift */,
				BA8A75E92955CC3400C07B94 /* ApiConstants.swift */,
				BA8A75EA2955CC3400C07B94 /* ApiManager.swift */,
			);
			name = WebSupport;
			path = "../../../../Haystack 63d RD/HayStack-Army/WebSupport";
			sourceTree = "<group>";
		};
		BA8A75EB2955CC3400C07B94 /* UISupporters */ = {
			isa = PBXGroup;
			children = (
				BA8A75EC2955CC3400C07B94 /* FontFamily */,
			);
			name = UISupporters;
			path = "../../../../Haystack 63d RD/HayStack-Army/UISupporters";
			sourceTree = "<group>";
		};
		BA8A75EC2955CC3400C07B94 /* FontFamily */ = {
			isa = PBXGroup;
			children = (
				BA8A75ED2955CC3400C07B94 /* Lato */,
			);
			path = FontFamily;
			sourceTree = "<group>";
		};
		BA8A75ED2955CC3400C07B94 /* Lato */ = {
			isa = PBXGroup;
			children = (
				BA8A75EE2955CC3400C07B94 /* Lato-Italic.ttf */,
				BA8A75EF2955CC3400C07B94 /* Lato-LightItalic.ttf */,
				BA8A75F02955CC3400C07B94 /* Lato-Thin.ttf */,
				BA8A75F12955CC3400C07B94 /* Lato-Bold.ttf */,
				BA8A75F22955CC3400C07B94 /* Lato-Black.ttf */,
				BA8A75F32955CC3400C07B94 /* Lato-Regular.ttf */,
				BA8A75F42955CC3400C07B94 /* Lato-BlackItalic.ttf */,
				BA8A75F52955CC3400C07B94 /* OFL.txt */,
				BA8A75F62955CC3400C07B94 /* Lato-BoldItalic.ttf */,
				BA8A75F72955CC3400C07B94 /* Lato-Light.ttf */,
				BA8A75F82955CC3400C07B94 /* Lato-ThinItalic.ttf */,
			);
			path = Lato;
			sourceTree = "<group>";
		};
		BA8A75F92955CC3400C07B94 /* CodeSupportes */ = {
			isa = PBXGroup;
			children = (
				BA8A75FA2955CC3400C07B94 /* imagePicker.swift */,
				BA8A75FB2955CC3400C07B94 /* ViewSuppoters.swift */,
				BA8A75FC2955CC3400C07B94 /* Device.swift */,
			);
			name = CodeSupportes;
			path = "../../../../Haystack 63d RD/HayStack-Army/CodeSupportes";
			sourceTree = "<group>";
		};
		BA8A75FD2955CC3400C07B94 /* Views */ = {
			isa = PBXGroup;
			children = (
			);
			path = Views;
			sourceTree = "<group>";
		};
		BA8A75FE2955CC3500C07B94 /* Controllers */ = {
			isa = PBXGroup;
			children = (
				BA8A75FF2955CC3500C07B94 /* ViewController.swift */,
				BA8A76002955CC3500C07B94 /* Auth */,
				BA8A76062955CC3500C07B94 /* Groups */,
				BA8A760B2955CC3500C07B94 /* SupportBoard */,
				BA8A76102955CC3500C07B94 /* DashBoard */,
			);
			name = Controllers;
			path = "../../../../Haystack 63d RD/HayStack-Army/Controllers";
			sourceTree = "<group>";
		};
		BA8A76002955CC3500C07B94 /* Auth */ = {
			isa = PBXGroup;
			children = (
				BA8A76012955CC3500C07B94 /* LoginVC.swift */,
				BA8A76022955CC3500C07B94 /* SpouseRegistationVC.swift */,
				BA8A76032955CC3500C07B94 /* ForgotPassVC.swift */,
				BA8A76042955CC3500C07B94 /* SoldierRegistrationVC.swift */,
				BA8A76052955CC3500C07B94 /* RegistrationPickerVC.swift */,
			);
			path = Auth;
			sourceTree = "<group>";
		};
		BA8A76062955CC3500C07B94 /* Groups */ = {
			isa = PBXGroup;
			children = (
				BA8A76072955CC3500C07B94 /* CreateNewGroupVC.swift */,
				BA8A76082955CC3500C07B94 /* GroupMembersListVC.swift */,
				BA8A76092955CC3500C07B94 /* EditGroupVC.swift */,
				BA8A760A2955CC3500C07B94 /* EditMembersVC.swift */,
			);
			path = Groups;
			sourceTree = "<group>";
		};
		BA8A760B2955CC3500C07B94 /* SupportBoard */ = {
			isa = PBXGroup;
			children = (
				BA8A760C2955CC3500C07B94 /* ContactUSVC.swift */,
				BA8A760D2955CC3500C07B94 /* TermsAndConditionsVC.swift */,
				BA8A760E2955CC3500C07B94 /* ChangePasswordVC.swift */,
				BA8A760F2955CC3500C07B94 /* EditProfileVC.swift */,
			);
			path = SupportBoard;
			sourceTree = "<group>";
		};
		BA8A76102955CC3500C07B94 /* DashBoard */ = {
			isa = PBXGroup;
			children = (
				BA8A76112955CC3500C07B94 /* UpdateEventVC.swift */,
				BA8A76122955CC3500C07B94 /* searchEvent */,
				BA8A76182955CC3500C07B94 /* MyEventsVC.swift */,
				BA8A76192955CC3500C07B94 /* referFriendVC.swift */,
				BA8A761A2955CC3500C07B94 /* EventInfoVC.swift */,
				BA8A761B2955CC3500C07B94 /* MyProfileVC.swift */,
				BA8A761C2955CC3500C07B94 /* AllGroupListVC.swift */,
				BA8A761D2955CC3500C07B94 /* MainTabVC.swift */,
				BA8A761E2955CC3500C07B94 /* CreateEvent */,
				BA8A76262955CC3500C07B94 /* DashBoardVC.swift */,
			);
			path = DashBoard;
			sourceTree = "<group>";
		};
		BA8A76122955CC3500C07B94 /* searchEvent */ = {
			isa = PBXGroup;
			children = (
				BA8A76132955CC3500C07B94 /* searchEventListVC.swift */,
				BA8A76142955CC3500C07B94 /* ManualSearchVC.swift */,
				BA8A76152955CC3500C07B94 /* SearchdateRangeVC.swift */,
				BA8A76162955CC3500C07B94 /* SearchEventInfoVC.swift */,
				BA8A76172955CC3500C07B94 /* LocationSearchEventVC.swift */,
			);
			path = searchEvent;
			sourceTree = "<group>";
		};
		BA8A761E2955CC3500C07B94 /* CreateEvent */ = {
			isa = PBXGroup;
			children = (
				BA8A761F2955CC3500C07B94 /* PublishingEventVC.swift */,
				BA8A76202955CC3500C07B94 /* finalSuccessEventVC.swift */,
				BA8A76212955CC3500C07B94 /* AllCategoryListVC.swift */,
				BA8A76222955CC3500C07B94 /* AddExtraMeberToEventVC.swift */,
				BA8A76232955CC3500C07B94 /* CreateEventsecondVC.swift */,
				BA8A76242955CC3500C07B94 /* AddMembersToEventVC.swift */,
				BA8A76252955CC3500C07B94 /* AddNewEventVC.swift */,
			);
			path = CreateEvent;
			sourceTree = "<group>";
		};
/* End PBXGroup section */

/* Begin PBXNativeTarget section */
		BA8A74BE2955A51700C07B94 /* HaystackArmy */ = {
			isa = PBXNativeTarget;
			buildConfigurationList = BA8A74EC2955A51C00C07B94 /* Build configuration list for PBXNativeTarget "HaystackArmy" */;
			buildPhases = (
				48645A25275DC7E26BB19989 /* [CP] Check Pods Manifest.lock */,
				BA8A74BB2955A51700C07B94 /* Sources */,
				BA8A74BC2955A51700C07B94 /* Frameworks */,
				BA8A74BD2955A51700C07B94 /* Resources */,
				A844B8E5970951ECBA832313 /* [CP] Embed Pods Frameworks */,
				35FA617198A3534429F457F8 /* [CP] Copy Pods Resources */,
			);
			buildRules = (
			);
			dependencies = (
			);
			name = HaystackArmy;
			productName = HaystackArmy;
			productReference = BA8A74BF2955A51700C07B94 /* HaystackArmy.app */;
			productType = "com.apple.product-type.application";
		};
		BA8A74D72955A51C00C07B94 /* HaystackArmyTests */ = {
			isa = PBXNativeTarget;
			buildConfigurationList = BA8A74EF2955A51C00C07B94 /* Build configuration list for PBXNativeTarget "HaystackArmyTests" */;
			buildPhases = (
				EB2A0767E31BD939DB085D16 /* [CP] Check Pods Manifest.lock */,
				BA8A74D42955A51C00C07B94 /* Sources */,
				BA8A74D52955A51C00C07B94 /* Frameworks */,
				BA8A74D62955A51C00C07B94 /* Resources */,
			);
			buildRules = (
			);
			dependencies = (
				BA8A74DA2955A51C00C07B94 /* PBXTargetDependency */,
			);
			name = HaystackArmyTests;
			productName = HaystackArmyTests;
			productReference = BA8A74D82955A51C00C07B94 /* HaystackArmyTests.xctest */;
			productType = "com.apple.product-type.bundle.unit-test";
		};
		BA8A74E12955A51C00C07B94 /* HaystackArmyUITests */ = {
			isa = PBXNativeTarget;
			buildConfigurationList = BA8A74F22955A51C00C07B94 /* Build configuration list for PBXNativeTarget "HaystackArmyUITests" */;
			buildPhases = (
				45067F4414B2F2C0190BDA9B /* [CP] Check Pods Manifest.lock */,
				BA8A74DE2955A51C00C07B94 /* Sources */,
				BA8A74DF2955A51C00C07B94 /* Frameworks */,
				BA8A74E02955A51C00C07B94 /* Resources */,
				189EB31E251DCF2A41CDD6A4 /* [CP] Embed Pods Frameworks */,
				EC1E11D58E9B1A4C89CE5176 /* [CP] Copy Pods Resources */,
			);
			buildRules = (
			);
			dependencies = (
				BA8A74E42955A51C00C07B94 /* PBXTargetDependency */,
			);
			name = HaystackArmyUITests;
			productName = HaystackArmyUITests;
			productReference = BA8A74E22955A51C00C07B94 /* HaystackArmyUITests.xctest */;
			productType = "com.apple.product-type.bundle.ui-testing";
		};
/* End PBXNativeTarget section */

/* Begin PBXProject section */
		BA8A74B72955A51700C07B94 /* Project object */ = {
			isa = PBXProject;
			attributes = {
				BuildIndependentTargetsInParallel = 1;
				LastSwiftUpdateCheck = 1340;
				LastUpgradeCheck = 1340;
				TargetAttributes = {
					BA8A74BE2955A51700C07B94 = {
						CreatedOnToolsVersion = 13.4.1;
					};
					BA8A74D72955A51C00C07B94 = {
						CreatedOnToolsVersion = 13.4.1;
						TestTargetID = BA8A74BE2955A51700C07B94;
					};
					BA8A74E12955A51C00C07B94 = {
						CreatedOnToolsVersion = 13.4.1;
						TestTargetID = BA8A74BE2955A51700C07B94;
					};
				};
			};
			buildConfigurationList = BA8A74BA2955A51700C07B94 /* Build configuration list for PBXProject "HaystackArmy" */;
			compatibilityVersion = "Xcode 13.0";
			developmentRegion = en;
			hasScannedForEncodings = 0;
			knownRegions = (
				en,
				Base,
			);
			mainGroup = BA8A74B62955A51700C07B94;
			productRefGroup = BA8A74C02955A51700C07B94 /* Products */;
			projectDirPath = "";
			projectRoot = "";
			targets = (
				BA8A74BE2955A51700C07B94 /* HaystackArmy */,
				BA8A74D72955A51C00C07B94 /* HaystackArmyTests */,
				BA8A74E12955A51C00C07B94 /* HaystackArmyUITests */,
			);
		};
/* End PBXProject section */

/* Begin PBXResourcesBuildPhase section */
		BA8A74BD2955A51700C07B94 /* Resources */ = {
			isa = PBXResourcesBuildPhase;
			buildActionMask = 2147483647;
			files = (
				BA8A763A2955CC3500C07B94 /* Lato-Light.ttf in Resources */,
				BA8A74CF2955A51B00C07B94 /* Assets.xcassets in Resources */,
				BA8A76332955CC3500C07B94 /* Lato-Thin.ttf in Resources */,
				BA8A75D72955CBBA00C07B94 /* LaunchScreen.storyboard in Resources */,
				BA8A75DE2955CBCE00C07B94 /* SupportBoard.storyboard in Resources */,
				BA8A763B2955CC3500C07B94 /* Lato-ThinItalic.ttf in Resources */,
				BA8A75DC2955CBCE00C07B94 /* DashBoard.storyboard in Resources */,
				BA8A76392955CC3500C07B94 /* Lato-BoldItalic.ttf in Resources */,
				BA8A76312955CC3500C07B94 /* Lato-Italic.ttf in Resources */,
				BA8A75DD2955CBCE00C07B94 /* Main.storyboard in Resources */,
				BA8A76342955CC3500C07B94 /* Lato-Bold.ttf in Resources */,
				BA8A76382955CC3500C07B94 /* OFL.txt in Resources */,
				BA8A76662955CCE800C07B94 /* GoogleService-Info.plist in Resources */,
				BA8A76372955CC3500C07B94 /* Lato-BlackItalic.ttf in Resources */,
				BA8A76352955CC3500C07B94 /* Lato-Black.ttf in Resources */,
				BA8A76322955CC3500C07B94 /* Lato-LightItalic.ttf in Resources */,
				BA8A76362955CC3500C07B94 /* Lato-Regular.ttf in Resources */,
			);
			runOnlyForDeploymentPostprocessing = 0;
		};
		BA8A74D62955A51C00C07B94 /* Resources */ = {
			isa = PBXResourcesBuildPhase;
			buildActionMask = 2147483647;
			files = (
			);
			runOnlyForDeploymentPostprocessing = 0;
		};
		BA8A74E02955A51C00C07B94 /* Resources */ = {
			isa = PBXResourcesBuildPhase;
			buildActionMask = 2147483647;
			files = (
			);
			runOnlyForDeploymentPostprocessing = 0;
		};
/* End PBXResourcesBuildPhase section */

/* Begin PBXShellScriptBuildPhase section */
		189EB31E251DCF2A41CDD6A4 /* [CP] Embed Pods Frameworks */ = {
			isa = PBXShellScriptBuildPhase;
			buildActionMask = 2147483647;
			files = (
			);
			inputFileListPaths = (
				"${PODS_ROOT}/Target Support Files/Pods-HaystackArmy-HaystackArmyUITests/Pods-HaystackArmy-HaystackArmyUITests-frameworks-${CONFIGURATION}-input-files.xcfilelist",
			);
			name = "[CP] Embed Pods Frameworks";
			outputFileListPaths = (
				"${PODS_ROOT}/Target Support Files/Pods-HaystackArmy-HaystackArmyUITests/Pods-HaystackArmy-HaystackArmyUITests-frameworks-${CONFIGURATION}-output-files.xcfilelist",
			);
			runOnlyForDeploymentPostprocessing = 0;
			shellPath = /bin/sh;
			shellScript = "\"${PODS_ROOT}/Target Support Files/Pods-HaystackArmy-HaystackArmyUITests/Pods-HaystackArmy-HaystackArmyUITests-frameworks.sh\"\n";
			showEnvVarsInLog = 0;
		};
		35FA617198A3534429F457F8 /* [CP] Copy Pods Resources */ = {
			isa = PBXShellScriptBuildPhase;
			buildActionMask = 2147483647;
			files = (
			);
			inputFileListPaths = (
				"${PODS_ROOT}/Target Support Files/Pods-HaystackArmy/Pods-HaystackArmy-resources-${CONFIGURATION}-input-files.xcfilelist",
			);
			name = "[CP] Copy Pods Resources";
			outputFileListPaths = (
				"${PODS_ROOT}/Target Support Files/Pods-HaystackArmy/Pods-HaystackArmy-resources-${CONFIGURATION}-output-files.xcfilelist",
			);
			runOnlyForDeploymentPostprocessing = 0;
			shellPath = /bin/sh;
			shellScript = "\"${PODS_ROOT}/Target Support Files/Pods-HaystackArmy/Pods-HaystackArmy-resources.sh\"\n";
			showEnvVarsInLog = 0;
		};
		45067F4414B2F2C0190BDA9B /* [CP] Check Pods Manifest.lock */ = {
			isa = PBXShellScriptBuildPhase;
			buildActionMask = 2147483647;
			files = (
			);
			inputFileListPaths = (
			);
			inputPaths = (
				"${PODS_PODFILE_DIR_PATH}/Podfile.lock",
				"${PODS_ROOT}/Manifest.lock",
			);
			name = "[CP] Check Pods Manifest.lock";
			outputFileListPaths = (
			);
			outputPaths = (
				"$(DERIVED_FILE_DIR)/Pods-HaystackArmy-HaystackArmyUITests-checkManifestLockResult.txt",
			);
			runOnlyForDeploymentPostprocessing = 0;
			shellPath = /bin/sh;
			shellScript = "diff \"${PODS_PODFILE_DIR_PATH}/Podfile.lock\" \"${PODS_ROOT}/Manifest.lock\" > /dev/null\nif [ $? != 0 ] ; then\n    # print error to STDERR\n    echo \"error: The sandbox is not in sync with the Podfile.lock. Run 'pod install' or update your CocoaPods installation.\" >&2\n    exit 1\nfi\n# This output is used by Xcode 'outputs' to avoid re-running this script phase.\necho \"SUCCESS\" > \"${SCRIPT_OUTPUT_FILE_0}\"\n";
			showEnvVarsInLog = 0;
		};
		48645A25275DC7E26BB19989 /* [CP] Check Pods Manifest.lock */ = {
			isa = PBXShellScriptBuildPhase;
			buildActionMask = 2147483647;
			files = (
			);
			inputFileListPaths = (
			);
			inputPaths = (
				"${PODS_PODFILE_DIR_PATH}/Podfile.lock",
				"${PODS_ROOT}/Manifest.lock",
			);
			name = "[CP] Check Pods Manifest.lock";
			outputFileListPaths = (
			);
			outputPaths = (
				"$(DERIVED_FILE_DIR)/Pods-HaystackArmy-checkManifestLockResult.txt",
			);
			runOnlyForDeploymentPostprocessing = 0;
			shellPath = /bin/sh;
			shellScript = "diff \"${PODS_PODFILE_DIR_PATH}/Podfile.lock\" \"${PODS_ROOT}/Manifest.lock\" > /dev/null\nif [ $? != 0 ] ; then\n    # print error to STDERR\n    echo \"error: The sandbox is not in sync with the Podfile.lock. Run 'pod install' or update your CocoaPods installation.\" >&2\n    exit 1\nfi\n# This output is used by Xcode 'outputs' to avoid re-running this script phase.\necho \"SUCCESS\" > \"${SCRIPT_OUTPUT_FILE_0}\"\n";
			showEnvVarsInLog = 0;
		};
		A844B8E5970951ECBA832313 /* [CP] Embed Pods Frameworks */ = {
			isa = PBXShellScriptBuildPhase;
			buildActionMask = 2147483647;
			files = (
			);
			inputFileListPaths = (
				"${PODS_ROOT}/Target Support Files/Pods-HaystackArmy/Pods-HaystackArmy-frameworks-${CONFIGURATION}-input-files.xcfilelist",
			);
			name = "[CP] Embed Pods Frameworks";
			outputFileListPaths = (
				"${PODS_ROOT}/Target Support Files/Pods-HaystackArmy/Pods-HaystackArmy-frameworks-${CONFIGURATION}-output-files.xcfilelist",
			);
			runOnlyForDeploymentPostprocessing = 0;
			shellPath = /bin/sh;
			shellScript = "\"${PODS_ROOT}/Target Support Files/Pods-HaystackArmy/Pods-HaystackArmy-frameworks.sh\"\n";
			showEnvVarsInLog = 0;
		};
		EB2A0767E31BD939DB085D16 /* [CP] Check Pods Manifest.lock */ = {
			isa = PBXShellScriptBuildPhase;
			buildActionMask = 2147483647;
			files = (
			);
			inputFileListPaths = (
			);
			inputPaths = (
				"${PODS_PODFILE_DIR_PATH}/Podfile.lock",
				"${PODS_ROOT}/Manifest.lock",
			);
			name = "[CP] Check Pods Manifest.lock";
			outputFileListPaths = (
			);
			outputPaths = (
				"$(DERIVED_FILE_DIR)/Pods-HaystackArmyTests-checkManifestLockResult.txt",
			);
			runOnlyForDeploymentPostprocessing = 0;
			shellPath = /bin/sh;
			shellScript = "diff \"${PODS_PODFILE_DIR_PATH}/Podfile.lock\" \"${PODS_ROOT}/Manifest.lock\" > /dev/null\nif [ $? != 0 ] ; then\n    # print error to STDERR\n    echo \"error: The sandbox is not in sync with the Podfile.lock. Run 'pod install' or update your CocoaPods installation.\" >&2\n    exit 1\nfi\n# This output is used by Xcode 'outputs' to avoid re-running this script phase.\necho \"SUCCESS\" > \"${SCRIPT_OUTPUT_FILE_0}\"\n";
			showEnvVarsInLog = 0;
		};
		EC1E11D58E9B1A4C89CE5176 /* [CP] Copy Pods Resources */ = {
			isa = PBXShellScriptBuildPhase;
			buildActionMask = 2147483647;
			files = (
			);
			inputFileListPaths = (
				"${PODS_ROOT}/Target Support Files/Pods-HaystackArmy-HaystackArmyUITests/Pods-HaystackArmy-HaystackArmyUITests-resources-${CONFIGURATION}-input-files.xcfilelist",
			);
			name = "[CP] Copy Pods Resources";
			outputFileListPaths = (
				"${PODS_ROOT}/Target Support Files/Pods-HaystackArmy-HaystackArmyUITests/Pods-HaystackArmy-HaystackArmyUITests-resources-${CONFIGURATION}-output-files.xcfilelist",
			);
			runOnlyForDeploymentPostprocessing = 0;
			shellPath = /bin/sh;
			shellScript = "\"${PODS_ROOT}/Target Support Files/Pods-HaystackArmy-HaystackArmyUITests/Pods-HaystackArmy-HaystackArmyUITests-resources.sh\"\n";
			showEnvVarsInLog = 0;
		};
/* End PBXShellScriptBuildPhase section */

/* Begin PBXSourcesBuildPhase section */
		BA8A74BB2955A51700C07B94 /* Sources */ = {
			isa = PBXSourcesBuildPhase;
			buildActionMask = 2147483647;
			files = (
				BA8A762F2955CC3500C07B94 /* ApiConstants.swift in Sources */,
				BA8A764C2955CC3500C07B94 /* EditProfileVC.swift in Sources */,
				BA8A76632955CC5300C07B94 /* pushNotificationModel.swift in Sources */,
				BA8A76492955CC3500C07B94 /* ContactUSVC.swift in Sources */,
				BA8A762D2955CC3500C07B94 /* stateAndCountryModel.swift in Sources */,
				BA8A762E2955CC3500C07B94 /* CodeValidators.swift in Sources */,
				BA8A74C32955A51700C07B94 /* AppDelegate.swift in Sources */,
				BA8A76402955CC3500C07B94 /* LoginVC.swift in Sources */,
				BA8A76532955CC3500C07B94 /* MyEventsVC.swift in Sources */,
				BA8A76462955CC3500C07B94 /* GroupMembersListVC.swift in Sources */,
				BA8A765C2955CC3500C07B94 /* AddExtraMeberToEventVC.swift in Sources */,
				BA8A76542955CC3500C07B94 /* referFriendVC.swift in Sources */,
				BA8A765A2955CC3500C07B94 /* finalSuccessEventVC.swift in Sources */,
				BA8A764B2955CC3500C07B94 /* ChangePasswordVC.swift in Sources */,
				BA8A76452955CC3500C07B94 /* CreateNewGroupVC.swift in Sources */,
				BA8A76302955CC3500C07B94 /* ApiManager.swift in Sources */,
				BA8A764A2955CC3500C07B94 /* TermsAndConditionsVC.swift in Sources */,
				BA8A76472955CC3500C07B94 /* EditGroupVC.swift in Sources */,
				BA8A762B2955CC3500C07B94 /* SearchEventModel.swift in Sources */,
				BA8A764D2955CC3500C07B94 /* UpdateEventVC.swift in Sources */,
				BA8A763D2955CC3500C07B94 /* ViewSuppoters.swift in Sources */,
				BA8A762C2955CC3500C07B94 /* MyEventsModel.swift in Sources */,
				BA8A76422955CC3500C07B94 /* ForgotPassVC.swift in Sources */,
				BA8A76412955CC3500C07B94 /* SpouseRegistationVC.swift in Sources */,
				BA8A76502955CC3500C07B94 /* SearchdateRangeVC.swift in Sources */,
				BA8A76482955CC3500C07B94 /* EditMembersVC.swift in Sources */,
				BA8A763C2955CC3500C07B94 /* imagePicker.swift in Sources */,
				BA8A763E2955CC3500C07B94 /* Device.swift in Sources */,
				BA8A765D2955CC3500C07B94 /* CreateEventsecondVC.swift in Sources */,
				BA8A765F2955CC3500C07B94 /* AddNewEventVC.swift in Sources */,
				BA8A76552955CC3500C07B94 /* EventInfoVC.swift in Sources */,
				BA8A76512955CC3500C07B94 /* SearchEventInfoVC.swift in Sources */,
				BA8A762A2955CC3500C07B94 /* LoginModel.swift in Sources */,
				BA8A76282955CC3500C07B94 /* nearByEventsModel.swift in Sources */,
				BA8A765B2955CC3500C07B94 /* AllCategoryListVC.swift in Sources */,
				BA8A76272955CC3500C07B94 /* CreateEventModel.swift in Sources */,
				BA8A76432955CC3500C07B94 /* SoldierRegistrationVC.swift in Sources */,
				BA8A76292955CC3500C07B94 /* groupsModel.swift in Sources */,
				BA8A76592955CC3500C07B94 /* PublishingEventVC.swift in Sources */,
				BA8A765E2955CC3500C07B94 /* AddMembersToEventVC.swift in Sources */,
				BA8A763F2955CC3500C07B94 /* ViewController.swift in Sources */,
				BA8A76522955CC3500C07B94 /* LocationSearchEventVC.swift in Sources */,
				BA8A76582955CC3500C07B94 /* MainTabVC.swift in Sources */,
				BA8A76572955CC3500C07B94 /* AllGroupListVC.swift in Sources */,
				BA8A764F2955CC3500C07B94 /* ManualSearchVC.swift in Sources */,
				BA8A76642955CC5300C07B94 /* VersionCheckingModel.swift in Sources */,
				BA8A764E2955CC3500C07B94 /* searchEventListVC.swift in Sources */,
				BA8A76562955CC3500C07B94 /* MyProfileVC.swift in Sources */,
				BA8A76442955CC3500C07B94 /* RegistrationPickerVC.swift in Sources */,
				BA8A76602955CC3500C07B94 /* DashBoardVC.swift in Sources */,
				BA8A74CD2955A51700C07B94 /* HaystackArmy.xcdatamodeld in Sources */,
			);
			runOnlyForDeploymentPostprocessing = 0;
		};
		BA8A74D42955A51C00C07B94 /* Sources */ = {
			isa = PBXSourcesBuildPhase;
			buildActionMask = 2147483647;
			files = (
				BA8A74DD2955A51C00C07B94 /* HaystackArmyTests.swift in Sources */,
			);
			runOnlyForDeploymentPostprocessing = 0;
		};
		BA8A74DE2955A51C00C07B94 /* Sources */ = {
			isa = PBXSourcesBuildPhase;
			buildActionMask = 2147483647;
			files = (
				BA8A74E72955A51C00C07B94 /* HaystackArmyUITests.swift in Sources */,
				BA8A74E92955A51C00C07B94 /* HaystackArmyUITestsLaunchTests.swift in Sources */,
			);
			runOnlyForDeploymentPostprocessing = 0;
		};
/* End PBXSourcesBuildPhase section */

/* Begin PBXTargetDependency section */
		BA8A74DA2955A51C00C07B94 /* PBXTargetDependency */ = {
			isa = PBXTargetDependency;
			target = BA8A74BE2955A51700C07B94 /* HaystackArmy */;
			targetProxy = BA8A74D92955A51C00C07B94 /* PBXContainerItemProxy */;
		};
		BA8A74E42955A51C00C07B94 /* PBXTargetDependency */ = {
			isa = PBXTargetDependency;
			target = BA8A74BE2955A51700C07B94 /* HaystackArmy */;
			targetProxy = BA8A74E32955A51C00C07B94 /* PBXContainerItemProxy */;
		};
/* End PBXTargetDependency section */

/* Begin PBXVariantGroup section */
		BA8A75D92955CBCE00C07B94 /* Main.storyboard */ = {
			isa = PBXVariantGroup;
			children = (
				BA8A75DA2955CBCE00C07B94 /* Base */,
			);
			name = Main.storyboard;
			sourceTree = "<group>";
		};
/* End PBXVariantGroup section */

/* Begin XCBuildConfiguration section */
		BA8A74EA2955A51C00C07B94 /* Debug */ = {
			isa = XCBuildConfiguration;
			buildSettings = {
				ALWAYS_SEARCH_USER_PATHS = NO;
				CLANG_ANALYZER_NONNULL = YES;
				CLANG_ANALYZER_NUMBER_OBJECT_CONVERSION = YES_AGGRESSIVE;
				CLANG_CXX_LANGUAGE_STANDARD = "gnu++17";
				CLANG_ENABLE_MODULES = YES;
				CLANG_ENABLE_OBJC_ARC = YES;
				CLANG_ENABLE_OBJC_WEAK = YES;
				CLANG_WARN_BLOCK_CAPTURE_AUTORELEASING = YES;
				CLANG_WARN_BOOL_CONVERSION = YES;
				CLANG_WARN_COMMA = YES;
				CLANG_WARN_CONSTANT_CONVERSION = YES;
				CLANG_WARN_DEPRECATED_OBJC_IMPLEMENTATIONS = YES;
				CLANG_WARN_DIRECT_OBJC_ISA_USAGE = YES_ERROR;
				CLANG_WARN_DOCUMENTATION_COMMENTS = YES;
				CLANG_WARN_EMPTY_BODY = YES;
				CLANG_WARN_ENUM_CONVERSION = YES;
				CLANG_WARN_INFINITE_RECURSION = YES;
				CLANG_WARN_INT_CONVERSION = YES;
				CLANG_WARN_NON_LITERAL_NULL_CONVERSION = YES;
				CLANG_WARN_OBJC_IMPLICIT_RETAIN_SELF = YES;
				CLANG_WARN_OBJC_LITERAL_CONVERSION = YES;
				CLANG_WARN_OBJC_ROOT_CLASS = YES_ERROR;
				CLANG_WARN_QUOTED_INCLUDE_IN_FRAMEWORK_HEADER = YES;
				CLANG_WARN_RANGE_LOOP_ANALYSIS = YES;
				CLANG_WARN_STRICT_PROTOTYPES = YES;
				CLANG_WARN_SUSPICIOUS_MOVE = YES;
				CLANG_WARN_UNGUARDED_AVAILABILITY = YES_AGGRESSIVE;
				CLANG_WARN_UNREACHABLE_CODE = YES;
				CLANG_WARN__DUPLICATE_METHOD_MATCH = YES;
				COPY_PHASE_STRIP = NO;
				DEBUG_INFORMATION_FORMAT = dwarf;
				ENABLE_STRICT_OBJC_MSGSEND = YES;
				ENABLE_TESTABILITY = YES;
				GCC_C_LANGUAGE_STANDARD = gnu11;
				GCC_DYNAMIC_NO_PIC = NO;
				GCC_NO_COMMON_BLOCKS = YES;
				GCC_OPTIMIZATION_LEVEL = 0;
				GCC_PREPROCESSOR_DEFINITIONS = (
					"DEBUG=1",
					"$(inherited)",
				);
				GCC_WARN_64_TO_32_BIT_CONVERSION = YES;
				GCC_WARN_ABOUT_RETURN_TYPE = YES_ERROR;
				GCC_WARN_UNDECLARED_SELECTOR = YES;
				GCC_WARN_UNINITIALIZED_AUTOS = YES_AGGRESSIVE;
				GCC_WARN_UNUSED_FUNCTION = YES;
				GCC_WARN_UNUSED_VARIABLE = YES;
				IPHONEOS_DEPLOYMENT_TARGET = 15.5;
				MTL_ENABLE_DEBUG_INFO = INCLUDE_SOURCE;
				MTL_FAST_MATH = YES;
				ONLY_ACTIVE_ARCH = YES;
				SDKROOT = iphoneos;
				SWIFT_ACTIVE_COMPILATION_CONDITIONS = DEBUG;
				SWIFT_OPTIMIZATION_LEVEL = "-Onone";
			};
			name = Debug;
		};
		BA8A74EB2955A51C00C07B94 /* Release */ = {
			isa = XCBuildConfiguration;
			buildSettings = {
				ALWAYS_SEARCH_USER_PATHS = NO;
				CLANG_ANALYZER_NONNULL = YES;
				CLANG_ANALYZER_NUMBER_OBJECT_CONVERSION = YES_AGGRESSIVE;
				CLANG_CXX_LANGUAGE_STANDARD = "gnu++17";
				CLANG_ENABLE_MODULES = YES;
				CLANG_ENABLE_OBJC_ARC = YES;
				CLANG_ENABLE_OBJC_WEAK = YES;
				CLANG_WARN_BLOCK_CAPTURE_AUTORELEASING = YES;
				CLANG_WARN_BOOL_CONVERSION = YES;
				CLANG_WARN_COMMA = YES;
				CLANG_WARN_CONSTANT_CONVERSION = YES;
				CLANG_WARN_DEPRECATED_OBJC_IMPLEMENTATIONS = YES;
				CLANG_WARN_DIRECT_OBJC_ISA_USAGE = YES_ERROR;
				CLANG_WARN_DOCUMENTATION_COMMENTS = YES;
				CLANG_WARN_EMPTY_BODY = YES;
				CLANG_WARN_ENUM_CONVERSION = YES;
				CLANG_WARN_INFINITE_RECURSION = YES;
				CLANG_WARN_INT_CONVERSION = YES;
				CLANG_WARN_NON_LITERAL_NULL_CONVERSION = YES;
				CLANG_WARN_OBJC_IMPLICIT_RETAIN_SELF = YES;
				CLANG_WARN_OBJC_LITERAL_CONVERSION = YES;
				CLANG_WARN_OBJC_ROOT_CLASS = YES_ERROR;
				CLANG_WARN_QUOTED_INCLUDE_IN_FRAMEWORK_HEADER = YES;
				CLANG_WARN_RANGE_LOOP_ANALYSIS = YES;
				CLANG_WARN_STRICT_PROTOTYPES = YES;
				CLANG_WARN_SUSPICIOUS_MOVE = YES;
				CLANG_WARN_UNGUARDED_AVAILABILITY = YES_AGGRESSIVE;
				CLANG_WARN_UNREACHABLE_CODE = YES;
				CLANG_WARN__DUPLICATE_METHOD_MATCH = YES;
				COPY_PHASE_STRIP = NO;
				DEBUG_INFORMATION_FORMAT = "dwarf-with-dsym";
				ENABLE_NS_ASSERTIONS = NO;
				ENABLE_STRICT_OBJC_MSGSEND = YES;
				GCC_C_LANGUAGE_STANDARD = gnu11;
				GCC_NO_COMMON_BLOCKS = YES;
				GCC_WARN_64_TO_32_BIT_CONVERSION = YES;
				GCC_WARN_ABOUT_RETURN_TYPE = YES_ERROR;
				GCC_WARN_UNDECLARED_SELECTOR = YES;
				GCC_WARN_UNINITIALIZED_AUTOS = YES_AGGRESSIVE;
				GCC_WARN_UNUSED_FUNCTION = YES;
				GCC_WARN_UNUSED_VARIABLE = YES;
				IPHONEOS_DEPLOYMENT_TARGET = 15.5;
				MTL_ENABLE_DEBUG_INFO = NO;
				MTL_FAST_MATH = YES;
				SDKROOT = iphoneos;
				SWIFT_COMPILATION_MODE = wholemodule;
				SWIFT_OPTIMIZATION_LEVEL = "-O";
				VALIDATE_PRODUCT = YES;
			};
			name = Release;
		};
		BA8A74ED2955A51C00C07B94 /* Debug */ = {
			isa = XCBuildConfiguration;
			baseConfigurationReference = 5CB80AF6D7904B6FF18E56C4 /* Pods-HaystackArmy.debug.xcconfig */;
			buildSettings = {
				ASSETCATALOG_COMPILER_APPICON_NAME = AppIcon;
				ASSETCATALOG_COMPILER_GLOBAL_ACCENT_COLOR_NAME = AccentColor;
				CODE_SIGN_ENTITLEMENTS = HaystackArmy/HaystackArmy.entitlements;
				CODE_SIGN_STYLE = Automatic;
				CURRENT_PROJECT_VERSION = 1;
				DEVELOPMENT_TEAM = JV7SRCLA2P;
				GENERATE_INFOPLIST_FILE = YES;
				INFOPLIST_FILE = HaystackArmy/Info.plist;
				INFOPLIST_KEY_UIApplicationSupportsIndirectInputEvents = YES;
				INFOPLIST_KEY_UILaunchStoryboardName = LaunchScreen;
				INFOPLIST_KEY_UIMainStoryboardFile = Main;
				INFOPLIST_KEY_UISupportedInterfaceOrientations = UIInterfaceOrientationPortrait;
				INFOPLIST_KEY_UISupportedInterfaceOrientations_iPad = "UIInterfaceOrientationPortrait UIInterfaceOrientationPortraitUpsideDown UIInterfaceOrientationLandscapeLeft UIInterfaceOrientationLandscapeRight";
				INFOPLIST_KEY_UISupportedInterfaceOrientations_iPhone = "UIInterfaceOrientationPortrait UIInterfaceOrientationLandscapeLeft UIInterfaceOrientationLandscapeRight";
				IPHONEOS_DEPLOYMENT_TARGET = 13.0;
				LD_RUNPATH_SEARCH_PATHS = (
					"$(inherited)",
					"@executable_path/Frameworks",
				);
				MARKETING_VERSION = 1.0;
				PRODUCT_BUNDLE_IDENTIFIER = com.anaad.Haystack.Army;
				PRODUCT_NAME = "$(TARGET_NAME)";
				SWIFT_EMIT_LOC_STRINGS = YES;
				SWIFT_VERSION = 5.0;
				TARGETED_DEVICE_FAMILY = 1;
			};
			name = Debug;
		};
		BA8A74EE2955A51C00C07B94 /* Release */ = {
			isa = XCBuildConfiguration;
			baseConfigurationReference = 5C8741BDDC988B5B9FB2DD55 /* Pods-HaystackArmy.release.xcconfig */;
			buildSettings = {
				ASSETCATALOG_COMPILER_APPICON_NAME = AppIcon;
				ASSETCATALOG_COMPILER_GLOBAL_ACCENT_COLOR_NAME = AccentColor;
				CODE_SIGN_ENTITLEMENTS = HaystackArmy/HaystackArmy.entitlements;
				CODE_SIGN_STYLE = Automatic;
				CURRENT_PROJECT_VERSION = 1;
				DEVELOPMENT_TEAM = JV7SRCLA2P;
				GENERATE_INFOPLIST_FILE = YES;
				INFOPLIST_FILE = HaystackArmy/Info.plist;
				INFOPLIST_KEY_UIApplicationSupportsIndirectInputEvents = YES;
				INFOPLIST_KEY_UILaunchStoryboardName = LaunchScreen;
				INFOPLIST_KEY_UIMainStoryboardFile = Main;
				INFOPLIST_KEY_UISupportedInterfaceOrientations = UIInterfaceOrientationPortrait;
				INFOPLIST_KEY_UISupportedInterfaceOrientations_iPad = "UIInterfaceOrientationPortrait UIInterfaceOrientationPortraitUpsideDown UIInterfaceOrientationLandscapeLeft UIInterfaceOrientationLandscapeRight";
				INFOPLIST_KEY_UISupportedInterfaceOrientations_iPhone = "UIInterfaceOrientationPortrait UIInterfaceOrientationLandscapeLeft UIInterfaceOrientationLandscapeRight";
				IPHONEOS_DEPLOYMENT_TARGET = 13.0;
				LD_RUNPATH_SEARCH_PATHS = (
					"$(inherited)",
					"@executable_path/Frameworks",
				);
				MARKETING_VERSION = 1.0;
				PRODUCT_BUNDLE_IDENTIFIER = com.anaad.Haystack.Army;
				PRODUCT_NAME = "$(TARGET_NAME)";
				SWIFT_EMIT_LOC_STRINGS = YES;
				SWIFT_VERSION = 5.0;
				TARGETED_DEVICE_FAMILY = 1;
			};
			name = Release;
		};
		BA8A74F02955A51C00C07B94 /* Debug */ = {
			isa = XCBuildConfiguration;
			baseConfigurationReference = 6A6F8B1FEA48749943F44985 /* Pods-HaystackArmyTests.debug.xcconfig */;
			buildSettings = {
				ALWAYS_EMBED_SWIFT_STANDARD_LIBRARIES = YES;
				BUNDLE_LOADER = "$(TEST_HOST)";
				CODE_SIGN_STYLE = Automatic;
				CURRENT_PROJECT_VERSION = 1;
				DEVELOPMENT_TEAM = JV7SRCLA2P;
				GENERATE_INFOPLIST_FILE = YES;
				IPHONEOS_DEPLOYMENT_TARGET = 15.5;
				MARKETING_VERSION = 1.0;
				PRODUCT_BUNDLE_IDENTIFIER = RajeshGandru.HaystackArmyTests;
				PRODUCT_NAME = "$(TARGET_NAME)";
				SWIFT_EMIT_LOC_STRINGS = NO;
				SWIFT_VERSION = 5.0;
				TARGETED_DEVICE_FAMILY = "1,2";
				TEST_HOST = "$(BUILT_PRODUCTS_DIR)/HaystackArmy.app/HaystackArmy";
			};
			name = Debug;
		};
		BA8A74F12955A51C00C07B94 /* Release */ = {
			isa = XCBuildConfiguration;
			baseConfigurationReference = C8BD26F5F9FC413F64713C96 /* Pods-HaystackArmyTests.release.xcconfig */;
			buildSettings = {
				ALWAYS_EMBED_SWIFT_STANDARD_LIBRARIES = YES;
				BUNDLE_LOADER = "$(TEST_HOST)";
				CODE_SIGN_STYLE = Automatic;
				CURRENT_PROJECT_VERSION = 1;
				DEVELOPMENT_TEAM = JV7SRCLA2P;
				GENERATE_INFOPLIST_FILE = YES;
				IPHONEOS_DEPLOYMENT_TARGET = 15.5;
				MARKETING_VERSION = 1.0;
				PRODUCT_BUNDLE_IDENTIFIER = RajeshGandru.HaystackArmyTests;
				PRODUCT_NAME = "$(TARGET_NAME)";
				SWIFT_EMIT_LOC_STRINGS = NO;
				SWIFT_VERSION = 5.0;
				TARGETED_DEVICE_FAMILY = "1,2";
				TEST_HOST = "$(BUILT_PRODUCTS_DIR)/HaystackArmy.app/HaystackArmy";
			};
			name = Release;
		};
		BA8A74F32955A51C00C07B94 /* Debug */ = {
			isa = XCBuildConfiguration;
			baseConfigurationReference = AF6B94DB7911BF5FE36BC44B /* Pods-HaystackArmy-HaystackArmyUITests.debug.xcconfig */;
			buildSettings = {
				ALWAYS_EMBED_SWIFT_STANDARD_LIBRARIES = YES;
				CODE_SIGN_STYLE = Automatic;
				CURRENT_PROJECT_VERSION = 1;
				DEVELOPMENT_TEAM = JV7SRCLA2P;
				GENERATE_INFOPLIST_FILE = YES;
				MARKETING_VERSION = 1.0;
				PRODUCT_BUNDLE_IDENTIFIER = RajeshGandru.HaystackArmyUITests;
				PRODUCT_NAME = "$(TARGET_NAME)";
				SWIFT_EMIT_LOC_STRINGS = NO;
				SWIFT_VERSION = 5.0;
				TARGETED_DEVICE_FAMILY = "1,2";
				TEST_TARGET_NAME = HaystackArmy;
			};
			name = Debug;
		};
		BA8A74F42955A51C00C07B94 /* Release */ = {
			isa = XCBuildConfiguration;
			baseConfigurationReference = E78736F94E90AEF05F46C543 /* Pods-HaystackArmy-HaystackArmyUITests.release.xcconfig */;
			buildSettings = {
				ALWAYS_EMBED_SWIFT_STANDARD_LIBRARIES = YES;
				CODE_SIGN_STYLE = Automatic;
				CURRENT_PROJECT_VERSION = 1;
				DEVELOPMENT_TEAM = JV7SRCLA2P;
				GENERATE_INFOPLIST_FILE = YES;
				MARKETING_VERSION = 1.0;
				PRODUCT_BUNDLE_IDENTIFIER = RajeshGandru.HaystackArmyUITests;
				PRODUCT_NAME = "$(TARGET_NAME)";
				SWIFT_EMIT_LOC_STRINGS = NO;
				SWIFT_VERSION = 5.0;
				TARGETED_DEVICE_FAMILY = "1,2";
				TEST_TARGET_NAME = HaystackArmy;
			};
			name = Release;
		};
/* End XCBuildConfiguration section */

/* Begin XCConfigurationList section */
		BA8A74BA2955A51700C07B94 /* Build configuration list for PBXProject "HaystackArmy" */ = {
			isa = XCConfigurationList;
			buildConfigurations = (
				BA8A74EA2955A51C00C07B94 /* Debug */,
				BA8A74EB2955A51C00C07B94 /* Release */,
			);
			defaultConfigurationIsVisible = 0;
			defaultConfigurationName = Release;
		};
		BA8A74EC2955A51C00C07B94 /* Build configuration list for PBXNativeTarget "HaystackArmy" */ = {
			isa = XCConfigurationList;
			buildConfigurations = (
				BA8A74ED2955A51C00C07B94 /* Debug */,
				BA8A74EE2955A51C00C07B94 /* Release */,
			);
			defaultConfigurationIsVisible = 0;
			defaultConfigurationName = Release;
		};
		BA8A74EF2955A51C00C07B94 /* Build configuration list for PBXNativeTarget "HaystackArmyTests" */ = {
			isa = XCConfigurationList;
			buildConfigurations = (
				BA8A74F02955A51C00C07B94 /* Debug */,
				BA8A74F12955A51C00C07B94 /* Release */,
			);
			defaultConfigurationIsVisible = 0;
			defaultConfigurationName = Release;
		};
		BA8A74F22955A51C00C07B94 /* Build configuration list for PBXNativeTarget "HaystackArmyUITests" */ = {
			isa = XCConfigurationList;
			buildConfigurations = (
				BA8A74F32955A51C00C07B94 /* Debug */,
				BA8A74F42955A51C00C07B94 /* Release */,
			);
			defaultConfigurationIsVisible = 0;
			defaultConfigurationName = Release;
		};
/* End XCConfigurationList section */

/* Begin XCVersionGroup section */
		BA8A74CB2955A51700C07B94 /* HaystackArmy.xcdatamodeld */ = {
			isa = XCVersionGroup;
			children = (
				BA8A74CC2955A51700C07B94 /* HaystackArmy.xcdatamodel */,
			);
			currentVersion = BA8A74CC2955A51700C07B94 /* HaystackArmy.xcdatamodel */;
			path = HaystackArmy.xcdatamodeld;
			sourceTree = "<group>";
			versionGroupType = wrapper.xcdatamodel;
		};
/* End XCVersionGroup section */
	};
	rootObject = BA8A74B72955A51700C07B94 /* Project object */;
}
